// !$*UTF8*$!
{
	archiveVersion = 1;
	classes = {
	};
	objectVersion = 46;
	objects = {

/* Begin PBXBuildFile section */
		EC404C9E1A1A531E00AA24DD /* SFlatButton.swift in Sources */ = {isa = PBXBuildFile; fileRef = EC404C9D1A1A531E00AA24DD /* SFlatButton.swift */; };
		EC55F1741A1CF17100810425 /* LoginViewController.swift in Sources */ = {isa = PBXBuildFile; fileRef = EC55F1731A1CF17100810425 /* LoginViewController.swift */; };
		EC55F1771A1DDB2200810425 /* FacebookSDK.framework in Frameworks */ = {isa = PBXBuildFile; fileRef = EC55F1761A1DDB2200810425 /* FacebookSDK.framework */; };
		EC55F17A1A1DEB5F00810425 /* 5.jpg in Resources */ = {isa = PBXBuildFile; fileRef = EC55F1791A1DEB5F00810425 /* 5.jpg */; };
		EC55F17C1A1DEF8D00810425 /* Sports_Other_mountaineering_dare_Mountaineering_sports_sun_126679.jpg in Resources */ = {isa = PBXBuildFile; fileRef = EC55F17B1A1DEF8D00810425 /* Sports_Other_mountaineering_dare_Mountaineering_sports_sun_126679.jpg */; };
		ECC176DB1A232DF000A9C675 /* User.swift in Sources */ = {isa = PBXBuildFile; fileRef = ECC176DA1A232DF000A9C675 /* User.swift */; };
		ECC176E51A23557A00A9C675 /* Hangout.xcdatamodeld in Sources */ = {isa = PBXBuildFile; fileRef = ECC176E31A23557A00A9C675 /* Hangout.xcdatamodeld */; };
		ECCB0E3D1A1F43E300A10240 /* DataStore.swift in Sources */ = {isa = PBXBuildFile; fileRef = ECCB0E3C1A1F43E300A10240 /* DataStore.swift */; };
		ECCB0E3F1A1F48D700A10240 /* QueryParameter.swift in Sources */ = {isa = PBXBuildFile; fileRef = ECCB0E3E1A1F48D700A10240 /* QueryParameter.swift */; };
		F70172581A299C720003EC09 /* Bike Rider Top Mountain iPhone 6 Wallpaper.jpg in Resources */ = {isa = PBXBuildFile; fileRef = F70172511A299C720003EC09 /* Bike Rider Top Mountain iPhone 6 Wallpaper.jpg */; };
		F70172591A299C720003EC09 /* City Speed Bicycle Bokeh Lights Background iPhone 5 Wallpaper.jpg in Resources */ = {isa = PBXBuildFile; fileRef = F70172521A299C720003EC09 /* City Speed Bicycle Bokeh Lights Background iPhone 5 Wallpaper.jpg */; };
		F701725A1A299C720003EC09 /* catSmile.jpg in Resources */ = {isa = PBXBuildFile; fileRef = F70172531A299C720003EC09 /* catSmile.jpg */; };
		F701725B1A299C720003EC09 /* sky.jpg in Resources */ = {isa = PBXBuildFile; fileRef = F70172541A299C720003EC09 /* sky.jpg */; };
		F701725C1A299C720003EC09 /* Penn Tennis Ball iPhone 5 Wallpaper.jpg in Resources */ = {isa = PBXBuildFile; fileRef = F70172551A299C720003EC09 /* Penn Tennis Ball iPhone 5 Wallpaper.jpg */; };
		F701725D1A299C720003EC09 /* Ski Jet Water Sports Splash iPhone 5 Wallpaper.jpg in Resources */ = {isa = PBXBuildFile; fileRef = F70172561A299C720003EC09 /* Ski Jet Water Sports Splash iPhone 5 Wallpaper.jpg */; };
		F701725E1A299C720003EC09 /* Women Water Wet Surfing iPhone 5 Wallpaper.jpg in Resources */ = {isa = PBXBuildFile; fileRef = F70172571A299C720003EC09 /* Women Water Wet Surfing iPhone 5 Wallpaper.jpg */; };
		F70172601A29B02B0003EC09 /* Cool-Alpine-Skiing-iphone-5s-parallax-wallpaper-ilikewallpaper_com.jpg in Resources */ = {isa = PBXBuildFile; fileRef = F701725F1A29B02B0003EC09 /* Cool-Alpine-Skiing-iphone-5s-parallax-wallpaper-ilikewallpaper_com.jpg */; };
		F70172621A29F8810003EC09 /* snowBoard.jpg in Resources */ = {isa = PBXBuildFile; fileRef = F70172611A29F8810003EC09 /* snowBoard.jpg */; };
		F70172641A29FFD10003EC09 /* snowboard2.jpg in Resources */ = {isa = PBXBuildFile; fileRef = F70172631A29FFD10003EC09 /* snowboard2.jpg */; };
		F72E735D1A0FA43C00A29B71 /* NavController.swift in Sources */ = {isa = PBXBuildFile; fileRef = F72E735C1A0FA43C00A29B71 /* NavController.swift */; };
		F72EC12D1A27184E0066093C /* DataService.swift in Sources */ = {isa = PBXBuildFile; fileRef = F72EC12C1A27184E0066093C /* DataService.swift */; };
		F72EC12F1A285F9E0066093C /* LandingViewController.swift in Sources */ = {isa = PBXBuildFile; fileRef = F72EC12E1A285F9E0066093C /* LandingViewController.swift */; };
		F72EC1311A2869EC0066093C /* ActivityScreenType.swift in Sources */ = {isa = PBXBuildFile; fileRef = F72EC1301A2869EC0066093C /* ActivityScreenType.swift */; };
		F72EC7D21A0FDE3500E532CB /* mountain.jpg in Resources */ = {isa = PBXBuildFile; fileRef = F72EC7D11A0FDE3500E532CB /* mountain.jpg */; };
		F72EC7D81A0FDE5500E532CB /* ballGames.jpg in Resources */ = {isa = PBXBuildFile; fileRef = F72EC7D31A0FDE5500E532CB /* ballGames.jpg */; };
		F72EC7D91A0FDE5500E532CB /* indoor.jpg in Resources */ = {isa = PBXBuildFile; fileRef = F72EC7D41A0FDE5500E532CB /* indoor.jpg */; };
		F72EC7DA1A0FDE5500E532CB /* social.jpg in Resources */ = {isa = PBXBuildFile; fileRef = F72EC7D51A0FDE5500E532CB /* social.jpg */; };
		F72EC7DB1A0FDE5500E532CB /* outdoor.jpg in Resources */ = {isa = PBXBuildFile; fileRef = F72EC7D61A0FDE5500E532CB /* outdoor.jpg */; };
		F72EC7DC1A0FDE5500E532CB /* water.jpg in Resources */ = {isa = PBXBuildFile; fileRef = F72EC7D71A0FDE5500E532CB /* water.jpg */; };
		F73040191A0F83AD002EBDBB /* AddActivityViewController.swift in Sources */ = {isa = PBXBuildFile; fileRef = F73040181A0F83AD002EBDBB /* AddActivityViewController.swift */; };
		F7309AF91A1623D100B63266 /* GpsLocation.swift in Sources */ = {isa = PBXBuildFile; fileRef = F7309AF81A1623D100B63266 /* GpsLocation.swift */; };
		F7309AFB1A16266B00B63266 /* Activity.swift in Sources */ = {isa = PBXBuildFile; fileRef = F7309AFA1A16266B00B63266 /* Activity.swift */; };
		F7A271251A1643FE00205424 /* Info.plist in Resources */ = {isa = PBXBuildFile; fileRef = F7A271201A1643FE00205424 /* Info.plist */; };
		F7A271261A1643FE00205424 /* JSONPath.swift in Sources */ = {isa = PBXBuildFile; fileRef = F7A271211A1643FE00205424 /* JSONPath.swift */; };
		F7A271271A1643FE00205424 /* SwiftJSONParser.swift in Sources */ = {isa = PBXBuildFile; fileRef = F7A271231A1643FE00205424 /* SwiftJSONParser.swift */; };
		F7A271281A1643FE00205424 /* SwiftRegex.swift in Sources */ = {isa = PBXBuildFile; fileRef = F7A271241A1643FE00205424 /* SwiftRegex.swift */; };
		F7A2712A1A17EBBB00205424 /* Audit.swift in Sources */ = {isa = PBXBuildFile; fileRef = F7A271291A17EBBB00205424 /* Audit.swift */; };
		F7A2712C1A18752700205424 /* Individual.swift in Sources */ = {isa = PBXBuildFile; fileRef = F7A2712B1A18752700205424 /* Individual.swift */; };
		F7A2712E1A18756100205424 /* Place.swift in Sources */ = {isa = PBXBuildFile; fileRef = F7A2712D1A18756100205424 /* Place.swift */; };
		F7A271301A1875EE00205424 /* Meta.swift in Sources */ = {isa = PBXBuildFile; fileRef = F7A2712F1A1875EE00205424 /* Meta.swift */; };
		F7CF2E3D1A0D1D56003D0041 /* AppDelegate.swift in Sources */ = {isa = PBXBuildFile; fileRef = F7CF2E3C1A0D1D56003D0041 /* AppDelegate.swift */; };
		F7CF2E421A0D1D56003D0041 /* ActivityViewController.swift in Sources */ = {isa = PBXBuildFile; fileRef = F7CF2E411A0D1D56003D0041 /* ActivityViewController.swift */; };
		F7CF2E451A0D1D56003D0041 /* Main.storyboard in Resources */ = {isa = PBXBuildFile; fileRef = F7CF2E431A0D1D56003D0041 /* Main.storyboard */; };
		F7CF2E471A0D1D56003D0041 /* Images.xcassets in Resources */ = {isa = PBXBuildFile; fileRef = F7CF2E461A0D1D56003D0041 /* Images.xcassets */; };
		F7CF2E4A1A0D1D56003D0041 /* LaunchScreen.xib in Resources */ = {isa = PBXBuildFile; fileRef = F7CF2E481A0D1D56003D0041 /* LaunchScreen.xib */; };
		F7CF2E561A0D1D56003D0041 /* HangoutTests.swift in Sources */ = {isa = PBXBuildFile; fileRef = F7CF2E551A0D1D56003D0041 /* HangoutTests.swift */; };
		F7CF2E661A0D3019003D0041 /* DetailViewController.swift in Sources */ = {isa = PBXBuildFile; fileRef = F7CF2E651A0D3019003D0041 /* DetailViewController.swift */; };
		F7CF2E6C1A0F7040003D0041 /* PersistenceHelper.swift in Sources */ = {isa = PBXBuildFile; fileRef = F7CF2E6B1A0F7040003D0041 /* PersistenceHelper.swift */; };
		F7E0DF261A1941F400C7E59D /* CollectionViewCell.swift in Sources */ = {isa = PBXBuildFile; fileRef = F7E0DF251A1941F400C7E59D /* CollectionViewCell.swift */; };
		F7E0DF291A19447500C7E59D /* avatar-male.png in Resources */ = {isa = PBXBuildFile; fileRef = F7E0DF281A19447500C7E59D /* avatar-male.png */; };
		F7E1B2381A1A503200D3E501 /* Array.swift in Sources */ = {isa = PBXBuildFile; fileRef = F7E1B22C1A1A503200D3E501 /* Array.swift */; };
		F7E1B2391A1A503200D3E501 /* Dictionary.swift in Sources */ = {isa = PBXBuildFile; fileRef = F7E1B22D1A1A503200D3E501 /* Dictionary.swift */; };
		F7E1B23A1A1A503200D3E501 /* Double.swift in Sources */ = {isa = PBXBuildFile; fileRef = F7E1B22E1A1A503200D3E501 /* Double.swift */; };
		F7E1B23B1A1A503200D3E501 /* ExSwift.swift in Sources */ = {isa = PBXBuildFile; fileRef = F7E1B2301A1A503200D3E501 /* ExSwift.swift */; };
		F7E1B23C1A1A503200D3E501 /* Float.swift in Sources */ = {isa = PBXBuildFile; fileRef = F7E1B2311A1A503200D3E501 /* Float.swift */; };
		F7E1B23D1A1A503200D3E501 /* Info.plist in Resources */ = {isa = PBXBuildFile; fileRef = F7E1B2321A1A503200D3E501 /* Info.plist */; };
		F7E1B23E1A1A503200D3E501 /* Int.swift in Sources */ = {isa = PBXBuildFile; fileRef = F7E1B2331A1A503200D3E501 /* Int.swift */; };
		F7E1B23F1A1A503200D3E501 /* NSArray.swift in Sources */ = {isa = PBXBuildFile; fileRef = F7E1B2341A1A503200D3E501 /* NSArray.swift */; };
		F7E1B2401A1A503200D3E501 /* Range.swift in Sources */ = {isa = PBXBuildFile; fileRef = F7E1B2351A1A503200D3E501 /* Range.swift */; };
		F7E1B2411A1A503200D3E501 /* Sequence.swift in Sources */ = {isa = PBXBuildFile; fileRef = F7E1B2361A1A503200D3E501 /* Sequence.swift */; };
/* End PBXBuildFile section */

/* Begin PBXContainerItemProxy section */
		F7CF2E501A0D1D56003D0041 /* PBXContainerItemProxy */ = {
			isa = PBXContainerItemProxy;
			containerPortal = F7CF2E2F1A0D1D56003D0041 /* Project object */;
			proxyType = 1;
			remoteGlobalIDString = F7CF2E361A0D1D56003D0041;
			remoteInfo = Hangout;
		};
/* End PBXContainerItemProxy section */

/* Begin PBXFileReference section */
		EC404C9D1A1A531E00AA24DD /* SFlatButton.swift */ = {isa = PBXFileReference; fileEncoding = 4; lastKnownFileType = sourcecode.swift; path = SFlatButton.swift; sourceTree = "<group>"; };
		EC55F1731A1CF17100810425 /* LoginViewController.swift */ = {isa = PBXFileReference; fileEncoding = 4; lastKnownFileType = sourcecode.swift; path = LoginViewController.swift; sourceTree = "<group>"; };
		EC55F1761A1DDB2200810425 /* FacebookSDK.framework */ = {isa = PBXFileReference; lastKnownFileType = wrapper.framework; path = FacebookSDK.framework; sourceTree = "<group>"; };
		EC55F1781A1DDE8600810425 /* Bridge-Header.h */ = {isa = PBXFileReference; lastKnownFileType = sourcecode.c.h; path = "Bridge-Header.h"; sourceTree = "<group>"; };
		EC55F1791A1DEB5F00810425 /* 5.jpg */ = {isa = PBXFileReference; lastKnownFileType = image.jpeg; path = 5.jpg; sourceTree = "<group>"; };
		EC55F17B1A1DEF8D00810425 /* Sports_Other_mountaineering_dare_Mountaineering_sports_sun_126679.jpg */ = {isa = PBXFileReference; lastKnownFileType = image.jpeg; path = Sports_Other_mountaineering_dare_Mountaineering_sports_sun_126679.jpg; sourceTree = "<group>"; };
		ECC176DA1A232DF000A9C675 /* User.swift */ = {isa = PBXFileReference; fileEncoding = 4; lastKnownFileType = sourcecode.swift; path = User.swift; sourceTree = "<group>"; };
		ECC176E41A23557A00A9C675 /* Hangout.xcdatamodel */ = {isa = PBXFileReference; lastKnownFileType = wrapper.xcdatamodel; path = Hangout.xcdatamodel; sourceTree = "<group>"; };
		ECCB0E3C1A1F43E300A10240 /* DataStore.swift */ = {isa = PBXFileReference; fileEncoding = 4; lastKnownFileType = sourcecode.swift; path = DataStore.swift; sourceTree = "<group>"; };
		ECCB0E3E1A1F48D700A10240 /* QueryParameter.swift */ = {isa = PBXFileReference; fileEncoding = 4; lastKnownFileType = sourcecode.swift; path = QueryParameter.swift; sourceTree = "<group>"; };
		F70172511A299C720003EC09 /* Bike Rider Top Mountain iPhone 6 Wallpaper.jpg */ = {isa = PBXFileReference; lastKnownFileType = image.jpeg; path = "Bike Rider Top Mountain iPhone 6 Wallpaper.jpg"; sourceTree = "<group>"; };
		F70172521A299C720003EC09 /* City Speed Bicycle Bokeh Lights Background iPhone 5 Wallpaper.jpg */ = {isa = PBXFileReference; lastKnownFileType = image.jpeg; path = "City Speed Bicycle Bokeh Lights Background iPhone 5 Wallpaper.jpg"; sourceTree = "<group>"; };
		F70172531A299C720003EC09 /* catSmile.jpg */ = {isa = PBXFileReference; lastKnownFileType = image.jpeg; path = catSmile.jpg; sourceTree = "<group>"; };
		F70172541A299C720003EC09 /* sky.jpg */ = {isa = PBXFileReference; lastKnownFileType = image.jpeg; path = sky.jpg; sourceTree = "<group>"; };
		F70172551A299C720003EC09 /* Penn Tennis Ball iPhone 5 Wallpaper.jpg */ = {isa = PBXFileReference; lastKnownFileType = image.jpeg; path = "Penn Tennis Ball iPhone 5 Wallpaper.jpg"; sourceTree = "<group>"; };
		F70172561A299C720003EC09 /* Ski Jet Water Sports Splash iPhone 5 Wallpaper.jpg */ = {isa = PBXFileReference; lastKnownFileType = image.jpeg; path = "Ski Jet Water Sports Splash iPhone 5 Wallpaper.jpg"; sourceTree = "<group>"; };
		F70172571A299C720003EC09 /* Women Water Wet Surfing iPhone 5 Wallpaper.jpg */ = {isa = PBXFileReference; lastKnownFileType = image.jpeg; path = "Women Water Wet Surfing iPhone 5 Wallpaper.jpg"; sourceTree = "<group>"; };
		F701725F1A29B02B0003EC09 /* Cool-Alpine-Skiing-iphone-5s-parallax-wallpaper-ilikewallpaper_com.jpg */ = {isa = PBXFileReference; lastKnownFileType = image.jpeg; path = "Cool-Alpine-Skiing-iphone-5s-parallax-wallpaper-ilikewallpaper_com.jpg"; sourceTree = "<group>"; };
		F70172611A29F8810003EC09 /* snowBoard.jpg */ = {isa = PBXFileReference; lastKnownFileType = image.jpeg; path = snowBoard.jpg; sourceTree = "<group>"; };
		F70172631A29FFD10003EC09 /* snowboard2.jpg */ = {isa = PBXFileReference; lastKnownFileType = image.jpeg; path = snowboard2.jpg; sourceTree = "<group>"; };
		F72E735C1A0FA43C00A29B71 /* NavController.swift */ = {isa = PBXFileReference; fileEncoding = 4; lastKnownFileType = sourcecode.swift; path = NavController.swift; sourceTree = "<group>"; };
		F72EC12C1A27184E0066093C /* DataService.swift */ = {isa = PBXFileReference; fileEncoding = 4; lastKnownFileType = sourcecode.swift; path = DataService.swift; sourceTree = "<group>"; };
		F72EC12E1A285F9E0066093C /* LandingViewController.swift */ = {isa = PBXFileReference; fileEncoding = 4; lastKnownFileType = sourcecode.swift; path = LandingViewController.swift; sourceTree = "<group>"; };
		F72EC1301A2869EC0066093C /* ActivityScreenType.swift */ = {isa = PBXFileReference; fileEncoding = 4; lastKnownFileType = sourcecode.swift; path = ActivityScreenType.swift; sourceTree = "<group>"; };
		F72EC7D11A0FDE3500E532CB /* mountain.jpg */ = {isa = PBXFileReference; lastKnownFileType = image.jpeg; path = mountain.jpg; sourceTree = "<group>"; };
		F72EC7D31A0FDE5500E532CB /* ballGames.jpg */ = {isa = PBXFileReference; lastKnownFileType = image.jpeg; path = ballGames.jpg; sourceTree = "<group>"; };
		F72EC7D41A0FDE5500E532CB /* indoor.jpg */ = {isa = PBXFileReference; lastKnownFileType = image.jpeg; path = indoor.jpg; sourceTree = "<group>"; };
		F72EC7D51A0FDE5500E532CB /* social.jpg */ = {isa = PBXFileReference; lastKnownFileType = image.jpeg; path = social.jpg; sourceTree = "<group>"; };
		F72EC7D61A0FDE5500E532CB /* outdoor.jpg */ = {isa = PBXFileReference; lastKnownFileType = image.jpeg; path = outdoor.jpg; sourceTree = "<group>"; };
		F72EC7D71A0FDE5500E532CB /* water.jpg */ = {isa = PBXFileReference; lastKnownFileType = image.jpeg; path = water.jpg; sourceTree = "<group>"; };
		F73040181A0F83AD002EBDBB /* AddActivityViewController.swift */ = {isa = PBXFileReference; fileEncoding = 4; lastKnownFileType = sourcecode.swift; path = AddActivityViewController.swift; sourceTree = "<group>"; };
		F7309AF81A1623D100B63266 /* GpsLocation.swift */ = {isa = PBXFileReference; fileEncoding = 4; lastKnownFileType = sourcecode.swift; path = GpsLocation.swift; sourceTree = "<group>"; };
		F7309AFA1A16266B00B63266 /* Activity.swift */ = {isa = PBXFileReference; fileEncoding = 4; lastKnownFileType = sourcecode.swift; path = Activity.swift; sourceTree = "<group>"; };
		F7A271201A1643FE00205424 /* Info.plist */ = {isa = PBXFileReference; fileEncoding = 4; lastKnownFileType = text.plist.xml; path = Info.plist; sourceTree = "<group>"; };
		F7A271211A1643FE00205424 /* JSONPath.swift */ = {isa = PBXFileReference; fileEncoding = 4; lastKnownFileType = sourcecode.swift; path = JSONPath.swift; sourceTree = "<group>"; };
		F7A271221A1643FE00205424 /* SwiftJSONParser.h */ = {isa = PBXFileReference; fileEncoding = 4; lastKnownFileType = sourcecode.c.h; path = SwiftJSONParser.h; sourceTree = "<group>"; };
		F7A271231A1643FE00205424 /* SwiftJSONParser.swift */ = {isa = PBXFileReference; fileEncoding = 4; lastKnownFileType = sourcecode.swift; path = SwiftJSONParser.swift; sourceTree = "<group>"; };
		F7A271241A1643FE00205424 /* SwiftRegex.swift */ = {isa = PBXFileReference; fileEncoding = 4; lastKnownFileType = sourcecode.swift; path = SwiftRegex.swift; sourceTree = "<group>"; };
		F7A271291A17EBBB00205424 /* Audit.swift */ = {isa = PBXFileReference; fileEncoding = 4; lastKnownFileType = sourcecode.swift; path = Audit.swift; sourceTree = "<group>"; };
		F7A2712B1A18752700205424 /* Individual.swift */ = {isa = PBXFileReference; fileEncoding = 4; lastKnownFileType = sourcecode.swift; path = Individual.swift; sourceTree = "<group>"; };
		F7A2712D1A18756100205424 /* Place.swift */ = {isa = PBXFileReference; fileEncoding = 4; lastKnownFileType = sourcecode.swift; path = Place.swift; sourceTree = "<group>"; };
		F7A2712F1A1875EE00205424 /* Meta.swift */ = {isa = PBXFileReference; fileEncoding = 4; lastKnownFileType = sourcecode.swift; path = Meta.swift; sourceTree = "<group>"; };
		F7CF2E371A0D1D56003D0041 /* Hangout.app */ = {isa = PBXFileReference; explicitFileType = wrapper.application; includeInIndex = 0; path = Hangout.app; sourceTree = BUILT_PRODUCTS_DIR; };
		F7CF2E3B1A0D1D56003D0041 /* Info.plist */ = {isa = PBXFileReference; lastKnownFileType = text.plist.xml; path = Info.plist; sourceTree = "<group>"; };
		F7CF2E3C1A0D1D56003D0041 /* AppDelegate.swift */ = {isa = PBXFileReference; lastKnownFileType = sourcecode.swift; path = AppDelegate.swift; sourceTree = "<group>"; };
		F7CF2E411A0D1D56003D0041 /* ActivityViewController.swift */ = {isa = PBXFileReference; lastKnownFileType = sourcecode.swift; path = ActivityViewController.swift; sourceTree = "<group>"; };
		F7CF2E441A0D1D56003D0041 /* Base */ = {isa = PBXFileReference; lastKnownFileType = file.storyboard; name = Base; path = Base.lproj/Main.storyboard; sourceTree = "<group>"; };
		F7CF2E461A0D1D56003D0041 /* Images.xcassets */ = {isa = PBXFileReference; lastKnownFileType = folder.assetcatalog; path = Images.xcassets; sourceTree = "<group>"; };
		F7CF2E491A0D1D56003D0041 /* Base */ = {isa = PBXFileReference; lastKnownFileType = file.xib; name = Base; path = Base.lproj/LaunchScreen.xib; sourceTree = "<group>"; };
		F7CF2E4F1A0D1D56003D0041 /* HangoutTests.xctest */ = {isa = PBXFileReference; explicitFileType = wrapper.cfbundle; includeInIndex = 0; path = HangoutTests.xctest; sourceTree = BUILT_PRODUCTS_DIR; };
		F7CF2E541A0D1D56003D0041 /* Info.plist */ = {isa = PBXFileReference; lastKnownFileType = text.plist.xml; path = Info.plist; sourceTree = "<group>"; };
		F7CF2E551A0D1D56003D0041 /* HangoutTests.swift */ = {isa = PBXFileReference; lastKnownFileType = sourcecode.swift; path = HangoutTests.swift; sourceTree = "<group>"; };
		F7CF2E651A0D3019003D0041 /* DetailViewController.swift */ = {isa = PBXFileReference; fileEncoding = 4; lastKnownFileType = sourcecode.swift; path = DetailViewController.swift; sourceTree = "<group>"; };
		F7CF2E6B1A0F7040003D0041 /* PersistenceHelper.swift */ = {isa = PBXFileReference; fileEncoding = 4; lastKnownFileType = sourcecode.swift; path = PersistenceHelper.swift; sourceTree = "<group>"; };
		F7E0DF251A1941F400C7E59D /* CollectionViewCell.swift */ = {isa = PBXFileReference; fileEncoding = 4; lastKnownFileType = sourcecode.swift; path = CollectionViewCell.swift; sourceTree = "<group>"; };
		F7E0DF281A19447500C7E59D /* avatar-male.png */ = {isa = PBXFileReference; lastKnownFileType = image.png; path = "avatar-male.png"; sourceTree = "<group>"; };
		F7E1B22C1A1A503200D3E501 /* Array.swift */ = {isa = PBXFileReference; fileEncoding = 4; lastKnownFileType = sourcecode.swift; name = Array.swift; path = "ExSwift-master 3/ExSwift/Array.swift"; sourceTree = "<group>"; };
		F7E1B22D1A1A503200D3E501 /* Dictionary.swift */ = {isa = PBXFileReference; fileEncoding = 4; lastKnownFileType = sourcecode.swift; name = Dictionary.swift; path = "ExSwift-master 3/ExSwift/Dictionary.swift"; sourceTree = "<group>"; };
		F7E1B22E1A1A503200D3E501 /* Double.swift */ = {isa = PBXFileReference; fileEncoding = 4; lastKnownFileType = sourcecode.swift; name = Double.swift; path = "ExSwift-master 3/ExSwift/Double.swift"; sourceTree = "<group>"; };
		F7E1B22F1A1A503200D3E501 /* ExSwift.h */ = {isa = PBXFileReference; fileEncoding = 4; lastKnownFileType = sourcecode.c.h; name = ExSwift.h; path = "ExSwift-master 3/ExSwift/ExSwift.h"; sourceTree = "<group>"; };
		F7E1B2301A1A503200D3E501 /* ExSwift.swift */ = {isa = PBXFileReference; fileEncoding = 4; lastKnownFileType = sourcecode.swift; name = ExSwift.swift; path = "ExSwift-master 3/ExSwift/ExSwift.swift"; sourceTree = "<group>"; };
		F7E1B2311A1A503200D3E501 /* Float.swift */ = {isa = PBXFileReference; fileEncoding = 4; lastKnownFileType = sourcecode.swift; name = Float.swift; path = "ExSwift-master 3/ExSwift/Float.swift"; sourceTree = "<group>"; };
		F7E1B2321A1A503200D3E501 /* Info.plist */ = {isa = PBXFileReference; fileEncoding = 4; lastKnownFileType = text.plist.xml; name = Info.plist; path = "ExSwift-master 3/ExSwift/Info.plist"; sourceTree = "<group>"; };
		F7E1B2331A1A503200D3E501 /* Int.swift */ = {isa = PBXFileReference; fileEncoding = 4; lastKnownFileType = sourcecode.swift; name = Int.swift; path = "ExSwift-master 3/ExSwift/Int.swift"; sourceTree = "<group>"; };
		F7E1B2341A1A503200D3E501 /* NSArray.swift */ = {isa = PBXFileReference; fileEncoding = 4; lastKnownFileType = sourcecode.swift; name = NSArray.swift; path = "ExSwift-master 3/ExSwift/NSArray.swift"; sourceTree = "<group>"; };
		F7E1B2351A1A503200D3E501 /* Range.swift */ = {isa = PBXFileReference; fileEncoding = 4; lastKnownFileType = sourcecode.swift; name = Range.swift; path = "ExSwift-master 3/ExSwift/Range.swift"; sourceTree = "<group>"; };
		F7E1B2361A1A503200D3E501 /* Sequence.swift */ = {isa = PBXFileReference; fileEncoding = 4; lastKnownFileType = sourcecode.swift; name = Sequence.swift; path = "ExSwift-master 3/ExSwift/Sequence.swift"; sourceTree = "<group>"; };
/* End PBXFileReference section */

/* Begin PBXFrameworksBuildPhase section */
		F7CF2E341A0D1D56003D0041 /* Frameworks */ = {
			isa = PBXFrameworksBuildPhase;
			buildActionMask = 2147483647;
			files = (
				EC55F1771A1DDB2200810425 /* FacebookSDK.framework in Frameworks */,
			);
			runOnlyForDeploymentPostprocessing = 0;
		};
		F7CF2E4C1A0D1D56003D0041 /* Frameworks */ = {
			isa = PBXFrameworksBuildPhase;
			buildActionMask = 2147483647;
			files = (
			);
			runOnlyForDeploymentPostprocessing = 0;
		};
/* End PBXFrameworksBuildPhase section */

/* Begin PBXGroup section */
		EC55F1751A1DDAFC00810425 /* Frameworks */ = {
			isa = PBXGroup;
			children = (
				EC55F1761A1DDB2200810425 /* FacebookSDK.framework */,
			);
			name = Frameworks;
			sourceTree = "<group>";
		};
		F72EC7DD1A0FDE6600E532CB /* Photos */ = {
			isa = PBXGroup;
			children = (
				F72EC7D31A0FDE5500E532CB /* ballGames.jpg */,
				F72EC7D41A0FDE5500E532CB /* indoor.jpg */,
				F72EC7D51A0FDE5500E532CB /* social.jpg */,
				F72EC7D61A0FDE5500E532CB /* outdoor.jpg */,
				F72EC7D71A0FDE5500E532CB /* water.jpg */,
				F72EC7D11A0FDE3500E532CB /* mountain.jpg */,
			);
			name = Photos;
			sourceTree = "<group>";
		};
		F7309AF51A161D1500B63266 /* Utils */ = {
			isa = PBXGroup;
			children = (
				EC404C9D1A1A531E00AA24DD /* SFlatButton.swift */,
				F7E1B22C1A1A503200D3E501 /* Array.swift */,
				F7E1B22D1A1A503200D3E501 /* Dictionary.swift */,
				F7E1B22E1A1A503200D3E501 /* Double.swift */,
				F7E1B22F1A1A503200D3E501 /* ExSwift.h */,
				F7E1B2301A1A503200D3E501 /* ExSwift.swift */,
				F7E1B2311A1A503200D3E501 /* Float.swift */,
				F7E1B2321A1A503200D3E501 /* Info.plist */,
				F7E1B2331A1A503200D3E501 /* Int.swift */,
				F7E1B2341A1A503200D3E501 /* NSArray.swift */,
				F7E1B2351A1A503200D3E501 /* Range.swift */,
				F7E1B2361A1A503200D3E501 /* Sequence.swift */,
			);
			name = Utils;
			sourceTree = "<group>";
		};
		F7A2711F1A1643FE00205424 /* SwiftJSON */ = {
			isa = PBXGroup;
			children = (
				F7A271201A1643FE00205424 /* Info.plist */,
				F7A271211A1643FE00205424 /* JSONPath.swift */,
				F7A271221A1643FE00205424 /* SwiftJSONParser.h */,
				F7A271231A1643FE00205424 /* SwiftJSONParser.swift */,
				F7A271241A1643FE00205424 /* SwiftRegex.swift */,
			);
			path = SwiftJSON;
			sourceTree = "<group>";
		};
		F7CF2E2E1A0D1D56003D0041 = {
			isa = PBXGroup;
			children = (
				ECC176E31A23557A00A9C675 /* Hangout.xcdatamodeld */,
				F7CF2E391A0D1D56003D0041 /* Hangout */,
				F7CF2E521A0D1D56003D0041 /* HangoutTests */,
				F7CF2E381A0D1D56003D0041 /* Products */,
			);
			sourceTree = "<group>";
		};
		F7CF2E381A0D1D56003D0041 /* Products */ = {
			isa = PBXGroup;
			children = (
				F7CF2E371A0D1D56003D0041 /* Hangout.app */,
				F7CF2E4F1A0D1D56003D0041 /* HangoutTests.xctest */,
			);
			name = Products;
			sourceTree = "<group>";
		};
		F7CF2E391A0D1D56003D0041 /* Hangout */ = {
			isa = PBXGroup;
			children = (
				EC55F1751A1DDAFC00810425 /* Frameworks */,
				F7E0DF271A19442F00C7E59D /* Images */,
				F7A2711F1A1643FE00205424 /* SwiftJSON */,
				F7309AF51A161D1500B63266 /* Utils */,
				F72EC7DD1A0FDE6600E532CB /* Photos */,
				F7CF2E6A1A0F7003003D0041 /* Infrastructure */,
				F7CF2E691A0F6FD6003D0041 /* Data Model */,
				F7CF2E431A0D1D56003D0041 /* Main.storyboard */,
				F7CF2E3C1A0D1D56003D0041 /* AppDelegate.swift */,
				F72EC12E1A285F9E0066093C /* LandingViewController.swift */,
				F7CF2E411A0D1D56003D0041 /* ActivityViewController.swift */,
				F7CF2E651A0D3019003D0041 /* DetailViewController.swift */,
				F73040181A0F83AD002EBDBB /* AddActivityViewController.swift */,
				F72E735C1A0FA43C00A29B71 /* NavController.swift */,
				F7E0DF251A1941F400C7E59D /* CollectionViewCell.swift */,
				EC55F1731A1CF17100810425 /* LoginViewController.swift */,
				F7CF2E461A0D1D56003D0041 /* Images.xcassets */,
				F7CF2E481A0D1D56003D0041 /* LaunchScreen.xib */,
				F7CF2E3A1A0D1D56003D0041 /* Supporting Files */,
				EC55F1781A1DDE8600810425 /* Bridge-Header.h */,
			);
			path = Hangout;
			sourceTree = "<group>";
		};
		F7CF2E3A1A0D1D56003D0041 /* Supporting Files */ = {
			isa = PBXGroup;
			children = (
				F7CF2E3B1A0D1D56003D0041 /* Info.plist */,
			);
			name = "Supporting Files";
			sourceTree = "<group>";
		};
		F7CF2E521A0D1D56003D0041 /* HangoutTests */ = {
			isa = PBXGroup;
			children = (
				F7CF2E551A0D1D56003D0041 /* HangoutTests.swift */,
				F7CF2E531A0D1D56003D0041 /* Supporting Files */,
			);
			path = HangoutTests;
			sourceTree = "<group>";
		};
		F7CF2E531A0D1D56003D0041 /* Supporting Files */ = {
			isa = PBXGroup;
			children = (
				F7CF2E541A0D1D56003D0041 /* Info.plist */,
			);
			name = "Supporting Files";
			sourceTree = "<group>";
		};
		F7CF2E691A0F6FD6003D0041 /* Data Model */ = {
			isa = PBXGroup;
			children = (
				F72EC1301A2869EC0066093C /* ActivityScreenType.swift */,
				F7309AF81A1623D100B63266 /* GpsLocation.swift */,
				F7309AFA1A16266B00B63266 /* Activity.swift */,
				F7A271291A17EBBB00205424 /* Audit.swift */,
				F7A2712B1A18752700205424 /* Individual.swift */,
				F7A2712D1A18756100205424 /* Place.swift */,
				F7A2712F1A1875EE00205424 /* Meta.swift */,
				ECC176DA1A232DF000A9C675 /* User.swift */,
			);
			name = "Data Model";
			sourceTree = "<group>";
		};
		F7CF2E6A1A0F7003003D0041 /* Infrastructure */ = {
			isa = PBXGroup;
			children = (
				F7CF2E6B1A0F7040003D0041 /* PersistenceHelper.swift */,
				ECCB0E3C1A1F43E300A10240 /* DataStore.swift */,
				ECCB0E3E1A1F48D700A10240 /* QueryParameter.swift */,
				F72EC12C1A27184E0066093C /* DataService.swift */,
			);
			name = Infrastructure;
			sourceTree = "<group>";
		};
		F7E0DF271A19442F00C7E59D /* Images */ = {
			isa = PBXGroup;
			children = (
				F70172631A29FFD10003EC09 /* snowboard2.jpg */,
				F70172611A29F8810003EC09 /* snowBoard.jpg */,
				F70172511A299C720003EC09 /* Bike Rider Top Mountain iPhone 6 Wallpaper.jpg */,
				F70172521A299C720003EC09 /* City Speed Bicycle Bokeh Lights Background iPhone 5 Wallpaper.jpg */,
				F70172531A299C720003EC09 /* catSmile.jpg */,
				F70172541A299C720003EC09 /* sky.jpg */,
				F701725F1A29B02B0003EC09 /* Cool-Alpine-Skiing-iphone-5s-parallax-wallpaper-ilikewallpaper_com.jpg */,
				F70172551A299C720003EC09 /* Penn Tennis Ball iPhone 5 Wallpaper.jpg */,
				F70172561A299C720003EC09 /* Ski Jet Water Sports Splash iPhone 5 Wallpaper.jpg */,
				F70172571A299C720003EC09 /* Women Water Wet Surfing iPhone 5 Wallpaper.jpg */,
				EC55F17B1A1DEF8D00810425 /* Sports_Other_mountaineering_dare_Mountaineering_sports_sun_126679.jpg */,
				EC55F1791A1DEB5F00810425 /* 5.jpg */,
				F7E0DF281A19447500C7E59D /* avatar-male.png */,
			);
			name = Images;
			sourceTree = "<group>";
		};
/* End PBXGroup section */

/* Begin PBXNativeTarget section */
		F7CF2E361A0D1D56003D0041 /* Hangout */ = {
			isa = PBXNativeTarget;
			buildConfigurationList = F7CF2E591A0D1D56003D0041 /* Build configuration list for PBXNativeTarget "Hangout" */;
			buildPhases = (
				F7CF2E331A0D1D56003D0041 /* Sources */,
				F7CF2E341A0D1D56003D0041 /* Frameworks */,
				F7CF2E351A0D1D56003D0041 /* Resources */,
			);
			buildRules = (
			);
			dependencies = (
			);
			name = Hangout;
			productName = Hangout;
			productReference = F7CF2E371A0D1D56003D0041 /* Hangout.app */;
			productType = "com.apple.product-type.application";
		};
		F7CF2E4E1A0D1D56003D0041 /* HangoutTests */ = {
			isa = PBXNativeTarget;
			buildConfigurationList = F7CF2E5C1A0D1D56003D0041 /* Build configuration list for PBXNativeTarget "HangoutTests" */;
			buildPhases = (
				F7CF2E4B1A0D1D56003D0041 /* Sources */,
				F7CF2E4C1A0D1D56003D0041 /* Frameworks */,
				F7CF2E4D1A0D1D56003D0041 /* Resources */,
			);
			buildRules = (
			);
			dependencies = (
				F7CF2E511A0D1D56003D0041 /* PBXTargetDependency */,
			);
			name = HangoutTests;
			productName = HangoutTests;
			productReference = F7CF2E4F1A0D1D56003D0041 /* HangoutTests.xctest */;
			productType = "com.apple.product-type.bundle.unit-test";
		};
/* End PBXNativeTarget section */

/* Begin PBXProject section */
		F7CF2E2F1A0D1D56003D0041 /* Project object */ = {
			isa = PBXProject;
			attributes = {
				LastUpgradeCheck = 0610;
				ORGANIZATIONNAME = "RECOGNOS ROMANIA";
				TargetAttributes = {
					F7CF2E361A0D1D56003D0041 = {
						CreatedOnToolsVersion = 6.1;
					};
					F7CF2E4E1A0D1D56003D0041 = {
						CreatedOnToolsVersion = 6.1;
						TestTargetID = F7CF2E361A0D1D56003D0041;
					};
				};
			};
			buildConfigurationList = F7CF2E321A0D1D56003D0041 /* Build configuration list for PBXProject "Hangout" */;
			compatibilityVersion = "Xcode 3.2";
			developmentRegion = English;
			hasScannedForEncodings = 0;
			knownRegions = (
				en,
				Base,
			);
			mainGroup = F7CF2E2E1A0D1D56003D0041;
			productRefGroup = F7CF2E381A0D1D56003D0041 /* Products */;
			projectDirPath = "";
			projectRoot = "";
			targets = (
				F7CF2E361A0D1D56003D0041 /* Hangout */,
				F7CF2E4E1A0D1D56003D0041 /* HangoutTests */,
			);
		};
/* End PBXProject section */

/* Begin PBXResourcesBuildPhase section */
		F7CF2E351A0D1D56003D0041 /* Resources */ = {
			isa = PBXResourcesBuildPhase;
			buildActionMask = 2147483647;
			files = (
				F72EC7DA1A0FDE5500E532CB /* social.jpg in Resources */,
				F72EC7D81A0FDE5500E532CB /* ballGames.jpg in Resources */,
				F72EC7DB1A0FDE5500E532CB /* outdoor.jpg in Resources */,
				F701725B1A299C720003EC09 /* sky.jpg in Resources */,
				F72EC7D21A0FDE3500E532CB /* mountain.jpg in Resources */,
				F70172601A29B02B0003EC09 /* Cool-Alpine-Skiing-iphone-5s-parallax-wallpaper-ilikewallpaper_com.jpg in Resources */,
				EC55F17C1A1DEF8D00810425 /* Sports_Other_mountaineering_dare_Mountaineering_sports_sun_126679.jpg in Resources */,
				F7E0DF291A19447500C7E59D /* avatar-male.png in Resources */,
				F7CF2E451A0D1D56003D0041 /* Main.storyboard in Resources */,
				F72EC7DC1A0FDE5500E532CB /* water.jpg in Resources */,
				EC55F17A1A1DEB5F00810425 /* 5.jpg in Resources */,
				F701725A1A299C720003EC09 /* catSmile.jpg in Resources */,
				F70172581A299C720003EC09 /* Bike Rider Top Mountain iPhone 6 Wallpaper.jpg in Resources */,
				F701725E1A299C720003EC09 /* Women Water Wet Surfing iPhone 5 Wallpaper.jpg in Resources */,
				F7CF2E4A1A0D1D56003D0041 /* LaunchScreen.xib in Resources */,
				F70172591A299C720003EC09 /* City Speed Bicycle Bokeh Lights Background iPhone 5 Wallpaper.jpg in Resources */,
				F7E1B23D1A1A503200D3E501 /* Info.plist in Resources */,
				F701725C1A299C720003EC09 /* Penn Tennis Ball iPhone 5 Wallpaper.jpg in Resources */,
				F70172621A29F8810003EC09 /* snowBoard.jpg in Resources */,
				F701725D1A299C720003EC09 /* Ski Jet Water Sports Splash iPhone 5 Wallpaper.jpg in Resources */,
				F7CF2E471A0D1D56003D0041 /* Images.xcassets in Resources */,
				F7A271251A1643FE00205424 /* Info.plist in Resources */,
				F70172641A29FFD10003EC09 /* snowboard2.jpg in Resources */,
				F72EC7D91A0FDE5500E532CB /* indoor.jpg in Resources */,
			);
			runOnlyForDeploymentPostprocessing = 0;
		};
		F7CF2E4D1A0D1D56003D0041 /* Resources */ = {
			isa = PBXResourcesBuildPhase;
			buildActionMask = 2147483647;
			files = (
			);
			runOnlyForDeploymentPostprocessing = 0;
		};
/* End PBXResourcesBuildPhase section */

/* Begin PBXSourcesBuildPhase section */
		F7CF2E331A0D1D56003D0041 /* Sources */ = {
			isa = PBXSourcesBuildPhase;
			buildActionMask = 2147483647;
			files = (
				F7E1B23F1A1A503200D3E501 /* NSArray.swift in Sources */,
				F7A271261A1643FE00205424 /* JSONPath.swift in Sources */,
				F72EC12D1A27184E0066093C /* DataService.swift in Sources */,
				ECC176E51A23557A00A9C675 /* Hangout.xcdatamodeld in Sources */,
				F7E1B2391A1A503200D3E501 /* Dictionary.swift in Sources */,
				F7CF2E421A0D1D56003D0041 /* ActivityViewController.swift in Sources */,
				F72EC1311A2869EC0066093C /* ActivityScreenType.swift in Sources */,
				ECC176DB1A232DF000A9C675 /* User.swift in Sources */,
				F7E1B23C1A1A503200D3E501 /* Float.swift in Sources */,
				EC55F1741A1CF17100810425 /* LoginViewController.swift in Sources */,
				F7E1B23B1A1A503200D3E501 /* ExSwift.swift in Sources */,
				F7A271271A1643FE00205424 /* SwiftJSONParser.swift in Sources */,
				F7309AFB1A16266B00B63266 /* Activity.swift in Sources */,
				F7CF2E6C1A0F7040003D0041 /* PersistenceHelper.swift in Sources */,
				F7A271301A1875EE00205424 /* Meta.swift in Sources */,
				F7E1B2411A1A503200D3E501 /* Sequence.swift in Sources */,
				ECCB0E3D1A1F43E300A10240 /* DataStore.swift in Sources */,
				ECCB0E3F1A1F48D700A10240 /* QueryParameter.swift in Sources */,
				F7A2712C1A18752700205424 /* Individual.swift in Sources */,
				F7CF2E661A0D3019003D0041 /* DetailViewController.swift in Sources */,
				F7E1B2381A1A503200D3E501 /* Array.swift in Sources */,
				F73040191A0F83AD002EBDBB /* AddActivityViewController.swift in Sources */,
				F7E1B2401A1A503200D3E501 /* Range.swift in Sources */,
				F7E1B23E1A1A503200D3E501 /* Int.swift in Sources */,
				F7E1B23A1A1A503200D3E501 /* Double.swift in Sources */,
				F7CF2E3D1A0D1D56003D0041 /* AppDelegate.swift in Sources */,
				F7309AF91A1623D100B63266 /* GpsLocation.swift in Sources */,
				F7E0DF261A1941F400C7E59D /* CollectionViewCell.swift in Sources */,
				F7A2712E1A18756100205424 /* Place.swift in Sources */,
				F72EC12F1A285F9E0066093C /* LandingViewController.swift in Sources */,
				F72E735D1A0FA43C00A29B71 /* NavController.swift in Sources */,
				F7A2712A1A17EBBB00205424 /* Audit.swift in Sources */,
				F7A271281A1643FE00205424 /* SwiftRegex.swift in Sources */,
				EC404C9E1A1A531E00AA24DD /* SFlatButton.swift in Sources */,
			);
			runOnlyForDeploymentPostprocessing = 0;
		};
		F7CF2E4B1A0D1D56003D0041 /* Sources */ = {
			isa = PBXSourcesBuildPhase;
			buildActionMask = 2147483647;
			files = (
				F7CF2E561A0D1D56003D0041 /* HangoutTests.swift in Sources */,
			);
			runOnlyForDeploymentPostprocessing = 0;
		};
/* End PBXSourcesBuildPhase section */

/* Begin PBXTargetDependency section */
		F7CF2E511A0D1D56003D0041 /* PBXTargetDependency */ = {
			isa = PBXTargetDependency;
			target = F7CF2E361A0D1D56003D0041 /* Hangout */;
			targetProxy = F7CF2E501A0D1D56003D0041 /* PBXContainerItemProxy */;
		};
/* End PBXTargetDependency section */

/* Begin PBXVariantGroup section */
		F7CF2E431A0D1D56003D0041 /* Main.storyboard */ = {
			isa = PBXVariantGroup;
			children = (
				F7CF2E441A0D1D56003D0041 /* Base */,
			);
			name = Main.storyboard;
			sourceTree = "<group>";
		};
		F7CF2E481A0D1D56003D0041 /* LaunchScreen.xib */ = {
			isa = PBXVariantGroup;
			children = (
				F7CF2E491A0D1D56003D0041 /* Base */,
			);
			name = LaunchScreen.xib;
			sourceTree = "<group>";
		};
/* End PBXVariantGroup section */

/* Begin XCBuildConfiguration section */
		F7CF2E571A0D1D56003D0041 /* Debug */ = {
			isa = XCBuildConfiguration;
			buildSettings = {
				ALWAYS_SEARCH_USER_PATHS = NO;
				CLANG_CXX_LANGUAGE_STANDARD = "gnu++0x";
				CLANG_CXX_LIBRARY = "libc++";
				CLANG_ENABLE_MODULES = YES;
				CLANG_ENABLE_OBJC_ARC = YES;
				CLANG_WARN_BOOL_CONVERSION = YES;
				CLANG_WARN_CONSTANT_CONVERSION = YES;
				CLANG_WARN_DIRECT_OBJC_ISA_USAGE = YES_ERROR;
				CLANG_WARN_EMPTY_BODY = YES;
				CLANG_WARN_ENUM_CONVERSION = YES;
				CLANG_WARN_INT_CONVERSION = YES;
				CLANG_WARN_OBJC_ROOT_CLASS = YES_ERROR;
				CLANG_WARN_UNREACHABLE_CODE = YES;
				CLANG_WARN__DUPLICATE_METHOD_MATCH = YES;
				"CODE_SIGN_IDENTITY[sdk=iphoneos*]" = "iPhone Developer";
				COPY_PHASE_STRIP = NO;
				ENABLE_STRICT_OBJC_MSGSEND = YES;
				GCC_C_LANGUAGE_STANDARD = gnu99;
				GCC_DYNAMIC_NO_PIC = NO;
				GCC_OPTIMIZATION_LEVEL = 0;
				GCC_PREPROCESSOR_DEFINITIONS = (
					"DEBUG=1",
					"$(inherited)",
				);
				GCC_SYMBOLS_PRIVATE_EXTERN = NO;
				GCC_WARN_64_TO_32_BIT_CONVERSION = YES;
				GCC_WARN_ABOUT_RETURN_TYPE = YES_ERROR;
				GCC_WARN_UNDECLARED_SELECTOR = YES;
				GCC_WARN_UNINITIALIZED_AUTOS = YES_AGGRESSIVE;
				GCC_WARN_UNUSED_FUNCTION = YES;
				GCC_WARN_UNUSED_VARIABLE = YES;
				IPHONEOS_DEPLOYMENT_TARGET = 8.1;
				MTL_ENABLE_DEBUG_INFO = YES;
				ONLY_ACTIVE_ARCH = YES;
				SDKROOT = iphoneos;
				SWIFT_OPTIMIZATION_LEVEL = "-Onone";
			};
			name = Debug;
		};
		F7CF2E581A0D1D56003D0041 /* Release */ = {
			isa = XCBuildConfiguration;
			buildSettings = {
				ALWAYS_SEARCH_USER_PATHS = NO;
				CLANG_CXX_LANGUAGE_STANDARD = "gnu++0x";
				CLANG_CXX_LIBRARY = "libc++";
				CLANG_ENABLE_MODULES = YES;
				CLANG_ENABLE_OBJC_ARC = YES;
				CLANG_WARN_BOOL_CONVERSION = YES;
				CLANG_WARN_CONSTANT_CONVERSION = YES;
				CLANG_WARN_DIRECT_OBJC_ISA_USAGE = YES_ERROR;
				CLANG_WARN_EMPTY_BODY = YES;
				CLANG_WARN_ENUM_CONVERSION = YES;
				CLANG_WARN_INT_CONVERSION = YES;
				CLANG_WARN_OBJC_ROOT_CLASS = YES_ERROR;
				CLANG_WARN_UNREACHABLE_CODE = YES;
				CLANG_WARN__DUPLICATE_METHOD_MATCH = YES;
				"CODE_SIGN_IDENTITY[sdk=iphoneos*]" = "iPhone Developer";
				COPY_PHASE_STRIP = YES;
				ENABLE_NS_ASSERTIONS = NO;
				ENABLE_STRICT_OBJC_MSGSEND = YES;
				GCC_C_LANGUAGE_STANDARD = gnu99;
				GCC_WARN_64_TO_32_BIT_CONVERSION = YES;
				GCC_WARN_ABOUT_RETURN_TYPE = YES_ERROR;
				GCC_WARN_UNDECLARED_SELECTOR = YES;
				GCC_WARN_UNINITIALIZED_AUTOS = YES_AGGRESSIVE;
				GCC_WARN_UNUSED_FUNCTION = YES;
				GCC_WARN_UNUSED_VARIABLE = YES;
				IPHONEOS_DEPLOYMENT_TARGET = 8.1;
				MTL_ENABLE_DEBUG_INFO = NO;
				SDKROOT = iphoneos;
				VALIDATE_PRODUCT = YES;
			};
			name = Release;
		};
		F7CF2E5A1A0D1D56003D0041 /* Debug */ = {
			isa = XCBuildConfiguration;
			buildSettings = {
				ASSETCATALOG_COMPILER_APPICON_NAME = AppIcon;
				FRAMEWORK_SEARCH_PATHS = (
					"$(inherited)",
					"$(PROJECT_DIR)/Hangout",
				);
				INFOPLIST_FILE = Hangout/Info.plist;
				LD_RUNPATH_SEARCH_PATHS = "$(inherited) @executable_path/Frameworks";
				PRODUCT_NAME = "$(TARGET_NAME)";
				SWIFT_OBJC_BRIDGING_HEADER = "Hangout/Bridge-Header.h";
			};
			name = Debug;
		};
		F7CF2E5B1A0D1D56003D0041 /* Release */ = {
			isa = XCBuildConfiguration;
			buildSettings = {
				ASSETCATALOG_COMPILER_APPICON_NAME = AppIcon;
				FRAMEWORK_SEARCH_PATHS = (
					"$(inherited)",
					"$(PROJECT_DIR)/Hangout",
				);
				INFOPLIST_FILE = Hangout/Info.plist;
				LD_RUNPATH_SEARCH_PATHS = "$(inherited) @executable_path/Frameworks";
				PRODUCT_NAME = "$(TARGET_NAME)";
				SWIFT_OBJC_BRIDGING_HEADER = "Hangout/Bridge-Header.h";
			};
			name = Release;
		};
		F7CF2E5D1A0D1D56003D0041 /* Debug */ = {
			isa = XCBuildConfiguration;
			buildSettings = {
				BUNDLE_LOADER = "$(TEST_HOST)";
				FRAMEWORK_SEARCH_PATHS = (
					"$(SDKROOT)/Developer/Library/Frameworks",
					"$(inherited)",
				);
				GCC_PREPROCESSOR_DEFINITIONS = (
					"DEBUG=1",
					"$(inherited)",
				);
				INFOPLIST_FILE = HangoutTests/Info.plist;
				LD_RUNPATH_SEARCH_PATHS = "$(inherited) @executable_path/Frameworks @loader_path/Frameworks";
				PRODUCT_NAME = "$(TARGET_NAME)";
				TEST_HOST = "$(BUILT_PRODUCTS_DIR)/Hangout.app/Hangout";
			};
			name = Debug;
		};
		F7CF2E5E1A0D1D56003D0041 /* Release */ = {
			isa = XCBuildConfiguration;
			buildSettings = {
				BUNDLE_LOADER = "$(TEST_HOST)";
				FRAMEWORK_SEARCH_PATHS = (
					"$(SDKROOT)/Developer/Library/Frameworks",
					"$(inherited)",
				);
				INFOPLIST_FILE = HangoutTests/Info.plist;
				LD_RUNPATH_SEARCH_PATHS = "$(inherited) @executable_path/Frameworks @loader_path/Frameworks";
				PRODUCT_NAME = "$(TARGET_NAME)";
				TEST_HOST = "$(BUILT_PRODUCTS_DIR)/Hangout.app/Hangout";
			};
			name = Release;
		};
/* End XCBuildConfiguration section */

/* Begin XCConfigurationList section */
		F7CF2E321A0D1D56003D0041 /* Build configuration list for PBXProject "Hangout" */ = {
			isa = XCConfigurationList;
			buildConfigurations = (
				F7CF2E571A0D1D56003D0041 /* Debug */,
				F7CF2E581A0D1D56003D0041 /* Release */,
			);
			defaultConfigurationIsVisible = 0;
			defaultConfigurationName = Release;
		};
		F7CF2E591A0D1D56003D0041 /* Build configuration list for PBXNativeTarget "Hangout" */ = {
			isa = XCConfigurationList;
			buildConfigurations = (
				F7CF2E5A1A0D1D56003D0041 /* Debug */,
				F7CF2E5B1A0D1D56003D0041 /* Release */,
			);
			defaultConfigurationIsVisible = 0;
			defaultConfigurationName = Release;
		};
		F7CF2E5C1A0D1D56003D0041 /* Build configuration list for PBXNativeTarget "HangoutTests" */ = {
			isa = XCConfigurationList;
			buildConfigurations = (
				F7CF2E5D1A0D1D56003D0041 /* Debug */,
				F7CF2E5E1A0D1D56003D0041 /* Release */,
			);
			defaultConfigurationIsVisible = 0;
			defaultConfigurationName = Release;
		};
/* End XCConfigurationList section */

/* Begin XCVersionGroup section */
		ECC176E31A23557A00A9C675 /* Hangout.xcdatamodeld */ = {
			isa = XCVersionGroup;
			children = (
				ECC176E41A23557A00A9C675 /* Hangout.xcdatamodel */,
			);
			currentVersion = ECC176E41A23557A00A9C675 /* Hangout.xcdatamodel */;
			path = Hangout.xcdatamodeld;
			sourceTree = "<group>";
			versionGroupType = wrapper.xcdatamodel;
		};
/* End XCVersionGroup section */
	};
	rootObject = F7CF2E2F1A0D1D56003D0041 /* Project object */;
}
